
Microsoft Visual Studio Solution File, Format Version 12.00
# Visual Studio Version 17
VisualStudioVersion = 17.0.32112.339
MinimumVisualStudioVersion = 10.0.40219.1
Project("{FAE04EC0-301F-11D3-BF4B-00C04F79EFBC}") = "BankData", "BankData\BankData.csproj", "{73B43016-AB1A-40DE-9BA0-2396BD972F16}"
EndProject
Project("{FAE04EC0-301F-11D3-BF4B-00C04F79EFBC}") = "Intranet", "Intranet\Intranet.csproj", "{B2D01CD7-5A82-4691-B197-F08E7CF10EB6}"
EndProject
Project("{FAE04EC0-301F-11D3-BF4B-00C04F79EFBC}") = "PortalWWW", "PortalWWW\PortalWWW.csproj", "{A9CF8CAB-D361-40C9-AB75-CA75B75D8224}"
EndProject
Global
	GlobalSection(SolutionConfigurationPlatforms) = preSolution
		Debug|Any CPU = Debug|Any CPU
		Release|Any CPU = Release|Any CPU
	EndGlobalSection
	GlobalSection(ProjectConfigurationPlatforms) = postSolution
		{73B43016-AB1A-40DE-9BA0-2396BD972F16}.Debug|Any CPU.ActiveCfg = Debug|Any CPU
		{73B43016-AB1A-40DE-9BA0-2396BD972F16}.Debug|Any CPU.Build.0 = Debug|Any CPU
		{73B43016-AB1A-40DE-9BA0-2396BD972F16}.Release|Any CPU.ActiveCfg = Release|Any CPU
		{73B43016-AB1A-40DE-9BA0-2396BD972F16}.Release|Any CPU.Build.0 = Release|Any CPU
		{B2D01CD7-5A82-4691-B197-F08E7CF10EB6}.Debug|Any CPU.ActiveCfg = Debug|Any CPU
		{B2D01CD7-5A82-4691-B197-F08E7CF10EB6}.Debug|Any CPU.Build.0 = Debug|Any CPU
		{B2D01CD7-5A82-4691-B197-F08E7CF10EB6}.Release|Any CPU.ActiveCfg = Release|Any CPU
		{B2D01CD7-5A82-4691-B197-F08E7CF10EB6}.Release|Any CPU.Build.0 = Release|Any CPU
		{A9CF8CAB-D361-40C9-AB75-CA75B75D8224}.Debug|Any CPU.ActiveCfg = Debug|Any CPU
		{A9CF8CAB-D361-40C9-AB75-CA75B75D8224}.Debug|Any CPU.Build.0 = Debug|Any CPU
		{A9CF8CAB-D361-40C9-AB75-CA75B75D8224}.Release|Any CPU.ActiveCfg = Release|Any CPU
		{A9CF8CAB-D361-40C9-AB75-CA75B75D8224}.Release|Any CPU.Build.0 = Release|Any CPU
	EndGlobalSection
	GlobalSection(SolutionProperties) = preSolution
		HideSolutionNode = FALSE
	EndGlobalSection
	GlobalSection(ExtensibilityGlobals) = postSolution
		SolutionGuid = {312AE229-2A5D-4659-B2D2-8BD7381FA4AD}
	EndGlobalSection
EndGlobal
